// !$*UTF8*$!
{
	archiveVersion = 1;
	classes = {
	};
	objectVersion = 51;
	objects = {

/* Begin PBXBuildFile section */
		1EF437ABB2EB577DCC7944DA /* Pods_MoviesDemo_MoviesDemoUITests.framework in Frameworks */ = {isa = PBXBuildFile; fileRef = 34D42CF87750E7D900F226A9 /* Pods_MoviesDemo_MoviesDemoUITests.framework */; };
		913F56E8290405A800AE9E36 /* MovieTableCell.swift in Sources */ = {isa = PBXBuildFile; fileRef = 913F56E6290405A800AE9E36 /* MovieTableCell.swift */; };
		913F56E9290405A800AE9E36 /* MovieTableCell.xib in Resources */ = {isa = PBXBuildFile; fileRef = 913F56E7290405A800AE9E36 /* MovieTableCell.xib */; };
		913F56F2290405C700AE9E36 /* FavouriteCollectionCell.swift in Sources */ = {isa = PBXBuildFile; fileRef = 913F56F0290405C700AE9E36 /* FavouriteCollectionCell.swift */; };
		913F56F3290405C700AE9E36 /* FavouriteCollectionCell.xib in Resources */ = {isa = PBXBuildFile; fileRef = 913F56F1290405C700AE9E36 /* FavouriteCollectionCell.xib */; };
		913F56FD2904062400AE9E36 /* HomeHeaderView.xib in Resources */ = {isa = PBXBuildFile; fileRef = 913F56FC2904062400AE9E36 /* HomeHeaderView.xib */; };
		913F5703290406F300AE9E36 /* FavouriteTableCell.swift in Sources */ = {isa = PBXBuildFile; fileRef = 913F5701290406F300AE9E36 /* FavouriteTableCell.swift */; };
		913F5704290406F300AE9E36 /* FavouriteTableCell.xib in Resources */ = {isa = PBXBuildFile; fileRef = 913F5702290406F300AE9E36 /* FavouriteTableCell.xib */; };
		913F570C29040BB700AE9E36 /* HomeHeaderView.swift in Sources */ = {isa = PBXBuildFile; fileRef = 913F570B29040BB700AE9E36 /* HomeHeaderView.swift */; };
		914D51EB2909524100FAFCE4 /* FetchDataService.swift in Sources */ = {isa = PBXBuildFile; fileRef = 914D51EA2909524100FAFCE4 /* FetchDataService.swift */; };
		914D51F92909536300FAFCE4 /* HomeViewModel.swift in Sources */ = {isa = PBXBuildFile; fileRef = 914D51F82909536300FAFCE4 /* HomeViewModel.swift */; };
		914D52052909581300FAFCE4 /* Movie.swift in Sources */ = {isa = PBXBuildFile; fileRef = 914D52042909581300FAFCE4 /* Movie.swift */; };
		914D521B2909637100FAFCE4 /* MovieDetailViewController.swift in Sources */ = {isa = PBXBuildFile; fileRef = 914D521A2909637100FAFCE4 /* MovieDetailViewController.swift */; };
		914D52232909639500FAFCE4 /* MovieSearchViewController.swift in Sources */ = {isa = PBXBuildFile; fileRef = 914D52222909639500FAFCE4 /* MovieSearchViewController.swift */; };
		914D522829096D2200FAFCE4 /* DataStorage.swift in Sources */ = {isa = PBXBuildFile; fileRef = 914D522729096D2200FAFCE4 /* DataStorage.swift */; };
		914E571E290C02E300B0092C /* GenresCollectionCell.swift in Sources */ = {isa = PBXBuildFile; fileRef = 914E571D290C02E300B0092C /* GenresCollectionCell.swift */; };
		914E5726290C040400B0092C /* GradientView.swift in Sources */ = {isa = PBXBuildFile; fileRef = 914E5725290C040400B0092C /* GradientView.swift */; };
		914E5733290C081800B0092C /* MovieCastCollectionCell.swift in Sources */ = {isa = PBXBuildFile; fileRef = 914E5732290C081800B0092C /* MovieCastCollectionCell.swift */; };
		9154FA7F290D20E600EEA428 /* Notifications.swift in Sources */ = {isa = PBXBuildFile; fileRef = 9154FA7E290D20E600EEA428 /* Notifications.swift */; };
		91E18B9D2903D70B00D553CA /* AppDelegate.swift in Sources */ = {isa = PBXBuildFile; fileRef = 91E18B9C2903D70B00D553CA /* AppDelegate.swift */; };
		91E18B9F2903D70B00D553CA /* SceneDelegate.swift in Sources */ = {isa = PBXBuildFile; fileRef = 91E18B9E2903D70B00D553CA /* SceneDelegate.swift */; };
		91E18BA12903D70B00D553CA /* HomeViewController.swift in Sources */ = {isa = PBXBuildFile; fileRef = 91E18BA02903D70B00D553CA /* HomeViewController.swift */; };
		91E18BA42903D70B00D553CA /* Main.storyboard in Resources */ = {isa = PBXBuildFile; fileRef = 91E18BA22903D70B00D553CA /* Main.storyboard */; };
		91E18BA62903D70E00D553CA /* Assets.xcassets in Resources */ = {isa = PBXBuildFile; fileRef = 91E18BA52903D70E00D553CA /* Assets.xcassets */; };
		91E18BA92903D70E00D553CA /* LaunchScreen.storyboard in Resources */ = {isa = PBXBuildFile; fileRef = 91E18BA72903D70E00D553CA /* LaunchScreen.storyboard */; };
		91E18BB42903D70E00D553CA /* MoviesDemoTests.swift in Sources */ = {isa = PBXBuildFile; fileRef = 91E18BB32903D70E00D553CA /* MoviesDemoTests.swift */; };
		91E18BBF2903D70E00D553CA /* MoviesDemoUITests.swift in Sources */ = {isa = PBXBuildFile; fileRef = 91E18BBE2903D70E00D553CA /* MoviesDemoUITests.swift */; };
		91E18BD12903DA6E00D553CA /* UIViewExtensions.swift in Sources */ = {isa = PBXBuildFile; fileRef = 91E18BD02903DA6E00D553CA /* UIViewExtensions.swift */; };
		B923B2181F80FD9A0F345202 /* Pods_MoviesDemoTests.framework in Frameworks */ = {isa = PBXBuildFile; fileRef = D6C3715F34C70D774E0D1C50 /* Pods_MoviesDemoTests.framework */; };
		D1674E5CD7D1DA89677DA53E /* Pods_MoviesDemo.framework in Frameworks */ = {isa = PBXBuildFile; fileRef = 3083938F8E33A0587DE17AEE /* Pods_MoviesDemo.framework */; };
/* End PBXBuildFile section */

/* Begin PBXContainerItemProxy section */
		91E18BB02903D70E00D553CA /* PBXContainerItemProxy */ = {
			isa = PBXContainerItemProxy;
			containerPortal = 91E18B912903D70B00D553CA /* Project object */;
			proxyType = 1;
			remoteGlobalIDString = 91E18B982903D70B00D553CA;
			remoteInfo = MoviesDemo;
		};
		91E18BBB2903D70E00D553CA /* PBXContainerItemProxy */ = {
			isa = PBXContainerItemProxy;
			containerPortal = 91E18B912903D70B00D553CA /* Project object */;
			proxyType = 1;
			remoteGlobalIDString = 91E18B982903D70B00D553CA;
			remoteInfo = MoviesDemo;
		};
/* End PBXContainerItemProxy section */

/* Begin PBXFileReference section */
		0AE398CBC590234EA70B6640 /* Pods-MoviesDemo-MoviesDemoUITests.debug.xcconfig */ = {isa = PBXFileReference; includeInIndex = 1; lastKnownFileType = text.xcconfig; name = "Pods-MoviesDemo-MoviesDemoUITests.debug.xcconfig"; path = "Target Support Files/Pods-MoviesDemo-MoviesDemoUITests/Pods-MoviesDemo-MoviesDemoUITests.debug.xcconfig"; sourceTree = "<group>"; };
		3083938F8E33A0587DE17AEE /* Pods_MoviesDemo.framework */ = {isa = PBXFileReference; explicitFileType = wrapper.framework; includeInIndex = 0; path = Pods_MoviesDemo.framework; sourceTree = BUILT_PRODUCTS_DIR; };
		34D42CF87750E7D900F226A9 /* Pods_MoviesDemo_MoviesDemoUITests.framework */ = {isa = PBXFileReference; explicitFileType = wrapper.framework; includeInIndex = 0; path = Pods_MoviesDemo_MoviesDemoUITests.framework; sourceTree = BUILT_PRODUCTS_DIR; };
		56B5499931166F18988B8CE1 /* Pods-MoviesDemo.release.xcconfig */ = {isa = PBXFileReference; includeInIndex = 1; lastKnownFileType = text.xcconfig; name = "Pods-MoviesDemo.release.xcconfig"; path = "Target Support Files/Pods-MoviesDemo/Pods-MoviesDemo.release.xcconfig"; sourceTree = "<group>"; };
		913F56E6290405A800AE9E36 /* MovieTableCell.swift */ = {isa = PBXFileReference; lastKnownFileType = sourcecode.swift; path = MovieTableCell.swift; sourceTree = "<group>"; };
		913F56E7290405A800AE9E36 /* MovieTableCell.xib */ = {isa = PBXFileReference; lastKnownFileType = file.xib; path = MovieTableCell.xib; sourceTree = "<group>"; };
		913F56F0290405C700AE9E36 /* FavouriteCollectionCell.swift */ = {isa = PBXFileReference; lastKnownFileType = sourcecode.swift; path = FavouriteCollectionCell.swift; sourceTree = "<group>"; };
		913F56F1290405C700AE9E36 /* FavouriteCollectionCell.xib */ = {isa = PBXFileReference; lastKnownFileType = file.xib; path = FavouriteCollectionCell.xib; sourceTree = "<group>"; };
		913F56FC2904062400AE9E36 /* HomeHeaderView.xib */ = {isa = PBXFileReference; lastKnownFileType = file.xib; path = HomeHeaderView.xib; sourceTree = "<group>"; };
		913F5701290406F300AE9E36 /* FavouriteTableCell.swift */ = {isa = PBXFileReference; lastKnownFileType = sourcecode.swift; path = FavouriteTableCell.swift; sourceTree = "<group>"; };
		913F5702290406F300AE9E36 /* FavouriteTableCell.xib */ = {isa = PBXFileReference; lastKnownFileType = file.xib; path = FavouriteTableCell.xib; sourceTree = "<group>"; };
		913F570B29040BB700AE9E36 /* HomeHeaderView.swift */ = {isa = PBXFileReference; lastKnownFileType = sourcecode.swift; path = HomeHeaderView.swift; sourceTree = "<group>"; };
		914D51EA2909524100FAFCE4 /* FetchDataService.swift */ = {isa = PBXFileReference; lastKnownFileType = sourcecode.swift; path = FetchDataService.swift; sourceTree = "<group>"; };
		914D51F82909536300FAFCE4 /* HomeViewModel.swift */ = {isa = PBXFileReference; lastKnownFileType = sourcecode.swift; path = HomeViewModel.swift; sourceTree = "<group>"; };
		914D52042909581300FAFCE4 /* Movie.swift */ = {isa = PBXFileReference; lastKnownFileType = sourcecode.swift; path = Movie.swift; sourceTree = "<group>"; };
		914D521A2909637100FAFCE4 /* MovieDetailViewController.swift */ = {isa = PBXFileReference; lastKnownFileType = sourcecode.swift; path = MovieDetailViewController.swift; sourceTree = "<group>"; };
		914D52222909639500FAFCE4 /* MovieSearchViewController.swift */ = {isa = PBXFileReference; lastKnownFileType = sourcecode.swift; path = MovieSearchViewController.swift; sourceTree = "<group>"; };
		914D522729096D2200FAFCE4 /* DataStorage.swift */ = {isa = PBXFileReference; lastKnownFileType = sourcecode.swift; path = DataStorage.swift; sourceTree = "<group>"; };
		914E571D290C02E300B0092C /* GenresCollectionCell.swift */ = {isa = PBXFileReference; lastKnownFileType = sourcecode.swift; path = GenresCollectionCell.swift; sourceTree = "<group>"; };
		914E5725290C040400B0092C /* GradientView.swift */ = {isa = PBXFileReference; lastKnownFileType = sourcecode.swift; path = GradientView.swift; sourceTree = "<group>"; };
		914E5732290C081800B0092C /* MovieCastCollectionCell.swift */ = {isa = PBXFileReference; lastKnownFileType = sourcecode.swift; path = MovieCastCollectionCell.swift; sourceTree = "<group>"; };
		9154FA7E290D20E600EEA428 /* Notifications.swift */ = {isa = PBXFileReference; lastKnownFileType = sourcecode.swift; path = Notifications.swift; sourceTree = "<group>"; };
		91E18B992903D70B00D553CA /* MoviesDemo.app */ = {isa = PBXFileReference; explicitFileType = wrapper.application; includeInIndex = 0; path = MoviesDemo.app; sourceTree = BUILT_PRODUCTS_DIR; };
		91E18B9C2903D70B00D553CA /* AppDelegate.swift */ = {isa = PBXFileReference; lastKnownFileType = sourcecode.swift; path = AppDelegate.swift; sourceTree = "<group>"; };
		91E18B9E2903D70B00D553CA /* SceneDelegate.swift */ = {isa = PBXFileReference; lastKnownFileType = sourcecode.swift; path = SceneDelegate.swift; sourceTree = "<group>"; };
		91E18BA02903D70B00D553CA /* HomeViewController.swift */ = {isa = PBXFileReference; lastKnownFileType = sourcecode.swift; path = HomeViewController.swift; sourceTree = "<group>"; };
		91E18BA32903D70B00D553CA /* Base */ = {isa = PBXFileReference; lastKnownFileType = file.storyboard; name = Base; path = Base.lproj/Main.storyboard; sourceTree = "<group>"; };
		91E18BA52903D70E00D553CA /* Assets.xcassets */ = {isa = PBXFileReference; lastKnownFileType = folder.assetcatalog; path = Assets.xcassets; sourceTree = "<group>"; };
		91E18BA82903D70E00D553CA /* Base */ = {isa = PBXFileReference; lastKnownFileType = file.storyboard; name = Base; path = Base.lproj/LaunchScreen.storyboard; sourceTree = "<group>"; };
		91E18BAA2903D70E00D553CA /* Info.plist */ = {isa = PBXFileReference; lastKnownFileType = text.plist.xml; path = Info.plist; sourceTree = "<group>"; };
		91E18BAF2903D70E00D553CA /* MoviesDemoTests.xctest */ = {isa = PBXFileReference; explicitFileType = wrapper.cfbundle; includeInIndex = 0; path = MoviesDemoTests.xctest; sourceTree = BUILT_PRODUCTS_DIR; };
		91E18BB32903D70E00D553CA /* MoviesDemoTests.swift */ = {isa = PBXFileReference; lastKnownFileType = sourcecode.swift; path = MoviesDemoTests.swift; sourceTree = "<group>"; };
		91E18BB52903D70E00D553CA /* Info.plist */ = {isa = PBXFileReference; lastKnownFileType = text.plist.xml; path = Info.plist; sourceTree = "<group>"; };
		91E18BBA2903D70E00D553CA /* MoviesDemoUITests.xctest */ = {isa = PBXFileReference; explicitFileType = wrapper.cfbundle; includeInIndex = 0; path = MoviesDemoUITests.xctest; sourceTree = BUILT_PRODUCTS_DIR; };
		91E18BBE2903D70E00D553CA /* MoviesDemoUITests.swift */ = {isa = PBXFileReference; lastKnownFileType = sourcecode.swift; path = MoviesDemoUITests.swift; sourceTree = "<group>"; };
		91E18BC02903D70E00D553CA /* Info.plist */ = {isa = PBXFileReference; lastKnownFileType = text.plist.xml; path = Info.plist; sourceTree = "<group>"; };
		91E18BD02903DA6E00D553CA /* UIViewExtensions.swift */ = {isa = PBXFileReference; lastKnownFileType = sourcecode.swift; path = UIViewExtensions.swift; sourceTree = "<group>"; };
		92448FD997B00D076636EE42 /* Pods-MoviesDemo-MoviesDemoUITests.release.xcconfig */ = {isa = PBXFileReference; includeInIndex = 1; lastKnownFileType = text.xcconfig; name = "Pods-MoviesDemo-MoviesDemoUITests.release.xcconfig"; path = "Target Support Files/Pods-MoviesDemo-MoviesDemoUITests/Pods-MoviesDemo-MoviesDemoUITests.release.xcconfig"; sourceTree = "<group>"; };
		A71675E4B36648067DCAEE3F /* Pods-MoviesDemoTests.release.xcconfig */ = {isa = PBXFileReference; includeInIndex = 1; lastKnownFileType = text.xcconfig; name = "Pods-MoviesDemoTests.release.xcconfig"; path = "Target Support Files/Pods-MoviesDemoTests/Pods-MoviesDemoTests.release.xcconfig"; sourceTree = "<group>"; };
		BB822F7DCB81614ABB0CADE7 /* Pods-MoviesDemo.debug.xcconfig */ = {isa = PBXFileReference; includeInIndex = 1; lastKnownFileType = text.xcconfig; name = "Pods-MoviesDemo.debug.xcconfig"; path = "Target Support Files/Pods-MoviesDemo/Pods-MoviesDemo.debug.xcconfig"; sourceTree = "<group>"; };
		D6C3715F34C70D774E0D1C50 /* Pods_MoviesDemoTests.framework */ = {isa = PBXFileReference; explicitFileType = wrapper.framework; includeInIndex = 0; path = Pods_MoviesDemoTests.framework; sourceTree = BUILT_PRODUCTS_DIR; };
		DB482AA8B0624269C62FEF4F /* Pods-MoviesDemoTests.debug.xcconfig */ = {isa = PBXFileReference; includeInIndex = 1; lastKnownFileType = text.xcconfig; name = "Pods-MoviesDemoTests.debug.xcconfig"; path = "Target Support Files/Pods-MoviesDemoTests/Pods-MoviesDemoTests.debug.xcconfig"; sourceTree = "<group>"; };
/* End PBXFileReference section */

/* Begin PBXFrameworksBuildPhase section */
		91E18B962903D70B00D553CA /* Frameworks */ = {
			isa = PBXFrameworksBuildPhase;
			buildActionMask = 2147483647;
			files = (
				D1674E5CD7D1DA89677DA53E /* Pods_MoviesDemo.framework in Frameworks */,
			);
			runOnlyForDeploymentPostprocessing = 0;
		};
		91E18BAC2903D70E00D553CA /* Frameworks */ = {
			isa = PBXFrameworksBuildPhase;
			buildActionMask = 2147483647;
			files = (
				B923B2181F80FD9A0F345202 /* Pods_MoviesDemoTests.framework in Frameworks */,
			);
			runOnlyForDeploymentPostprocessing = 0;
		};
		91E18BB72903D70E00D553CA /* Frameworks */ = {
			isa = PBXFrameworksBuildPhase;
			buildActionMask = 2147483647;
			files = (
				1EF437ABB2EB577DCC7944DA /* Pods_MoviesDemo_MoviesDemoUITests.framework in Frameworks */,
			);
			runOnlyForDeploymentPostprocessing = 0;
		};
/* End PBXFrameworksBuildPhase section */

/* Begin PBXGroup section */
		913F56E42904056800AE9E36 /* CustomTableCells */ = {
			isa = PBXGroup;
			children = (
				914E571C290C02D400B0092C /* MovieDetail */,
				913F56E52904057700AE9E36 /* Home */,
			);
			path = CustomTableCells;
			sourceTree = "<group>";
		};
		913F56E52904057700AE9E36 /* Home */ = {
			isa = PBXGroup;
			children = (
				913F570B29040BB700AE9E36 /* HomeHeaderView.swift */,
				913F56FC2904062400AE9E36 /* HomeHeaderView.xib */,
				913F5701290406F300AE9E36 /* FavouriteTableCell.swift */,
				913F5702290406F300AE9E36 /* FavouriteTableCell.xib */,
				913F56E6290405A800AE9E36 /* MovieTableCell.swift */,
				913F56E7290405A800AE9E36 /* MovieTableCell.xib */,
				913F56F0290405C700AE9E36 /* FavouriteCollectionCell.swift */,
				913F56F1290405C700AE9E36 /* FavouriteCollectionCell.xib */,
			);
			path = Home;
			sourceTree = "<group>";
		};
		914D51E9290951CD00FAFCE4 /* Networking */ = {
			isa = PBXGroup;
			children = (
				914D51EA2909524100FAFCE4 /* FetchDataService.swift */,
			);
			path = Networking;
			sourceTree = "<group>";
		};
		914D51F22909530300FAFCE4 /* Screens */ = {
			isa = PBXGroup;
			children = (
				91E18BA02903D70B00D553CA /* HomeViewController.swift */,
				914D521A2909637100FAFCE4 /* MovieDetailViewController.swift */,
				914D52222909639500FAFCE4 /* MovieSearchViewController.swift */,
			);
			path = Screens;
			sourceTree = "<group>";
		};
		914D51F72909535800FAFCE4 /* ViewModels */ = {
			isa = PBXGroup;
			children = (
				914D51F82909536300FAFCE4 /* HomeViewModel.swift */,
			);
			path = ViewModels;
			sourceTree = "<group>";
		};
		914D52032909580800FAFCE4 /* Models */ = {
			isa = PBXGroup;
			children = (
				914D52042909581300FAFCE4 /* Movie.swift */,
			);
			path = Models;
			sourceTree = "<group>";
		};
		914E571C290C02D400B0092C /* MovieDetail */ = {
			isa = PBXGroup;
			children = (
				914E571D290C02E300B0092C /* GenresCollectionCell.swift */,
				914E5732290C081800B0092C /* MovieCastCollectionCell.swift */,
			);
			path = MovieDetail;
			sourceTree = "<group>";
		};
		91E18B902903D70B00D553CA = {
			isa = PBXGroup;
			children = (
				91E18B9B2903D70B00D553CA /* MoviesDemo */,
				91E18BB22903D70E00D553CA /* MoviesDemoTests */,
				91E18BBD2903D70E00D553CA /* MoviesDemoUITests */,
				91E18B9A2903D70B00D553CA /* Products */,
				F2A671D55716A6F72ECD6D86 /* Pods */,
				B68367D56FF5D827AEC94FFA /* Frameworks */,
			);
			sourceTree = "<group>";
		};
		91E18B9A2903D70B00D553CA /* Products */ = {
			isa = PBXGroup;
			children = (
				91E18B992903D70B00D553CA /* MoviesDemo.app */,
				91E18BAF2903D70E00D553CA /* MoviesDemoTests.xctest */,
				91E18BBA2903D70E00D553CA /* MoviesDemoUITests.xctest */,
			);
			name = Products;
			sourceTree = "<group>";
		};
		91E18B9B2903D70B00D553CA /* MoviesDemo */ = {
			isa = PBXGroup;
			children = (
				914D52032909580800FAFCE4 /* Models */,
				914D51F72909535800FAFCE4 /* ViewModels */,
				914D51E9290951CD00FAFCE4 /* Networking */,
				913F56E42904056800AE9E36 /* CustomTableCells */,
				91E18BCF2903DA6100D553CA /* HelperClasses */,
				914D51F22909530300FAFCE4 /* Screens */,
				91E18BA22903D70B00D553CA /* Main.storyboard */,
				91E18B9C2903D70B00D553CA /* AppDelegate.swift */,
				91E18B9E2903D70B00D553CA /* SceneDelegate.swift */,
				91E18BA52903D70E00D553CA /* Assets.xcassets */,
				91E18BA72903D70E00D553CA /* LaunchScreen.storyboard */,
				91E18BAA2903D70E00D553CA /* Info.plist */,
			);
			path = MoviesDemo;
			sourceTree = "<group>";
		};
		91E18BB22903D70E00D553CA /* MoviesDemoTests */ = {
			isa = PBXGroup;
			children = (
				91E18BB32903D70E00D553CA /* MoviesDemoTests.swift */,
				91E18BB52903D70E00D553CA /* Info.plist */,
			);
			path = MoviesDemoTests;
			sourceTree = "<group>";
		};
		91E18BBD2903D70E00D553CA /* MoviesDemoUITests */ = {
			isa = PBXGroup;
			children = (
				91E18BBE2903D70E00D553CA /* MoviesDemoUITests.swift */,
				91E18BC02903D70E00D553CA /* Info.plist */,
			);
			path = MoviesDemoUITests;
			sourceTree = "<group>";
		};
		91E18BCF2903DA6100D553CA /* HelperClasses */ = {
			isa = PBXGroup;
			children = (
				91E18BD02903DA6E00D553CA /* UIViewExtensions.swift */,
				914D522729096D2200FAFCE4 /* DataStorage.swift */,
				914E5725290C040400B0092C /* GradientView.swift */,
				9154FA7E290D20E600EEA428 /* Notifications.swift */,
			);
			path = HelperClasses;
			sourceTree = "<group>";
		};
		B68367D56FF5D827AEC94FFA /* Frameworks */ = {
			isa = PBXGroup;
			children = (
				3083938F8E33A0587DE17AEE /* Pods_MoviesDemo.framework */,
				34D42CF87750E7D900F226A9 /* Pods_MoviesDemo_MoviesDemoUITests.framework */,
				D6C3715F34C70D774E0D1C50 /* Pods_MoviesDemoTests.framework */,
			);
			name = Frameworks;
			sourceTree = "<group>";
		};
		F2A671D55716A6F72ECD6D86 /* Pods */ = {
			isa = PBXGroup;
			children = (
				BB822F7DCB81614ABB0CADE7 /* Pods-MoviesDemo.debug.xcconfig */,
				56B5499931166F18988B8CE1 /* Pods-MoviesDemo.release.xcconfig */,
				0AE398CBC590234EA70B6640 /* Pods-MoviesDemo-MoviesDemoUITests.debug.xcconfig */,
				92448FD997B00D076636EE42 /* Pods-MoviesDemo-MoviesDemoUITests.release.xcconfig */,
				DB482AA8B0624269C62FEF4F /* Pods-MoviesDemoTests.debug.xcconfig */,
				A71675E4B36648067DCAEE3F /* Pods-MoviesDemoTests.release.xcconfig */,
			);
			path = Pods;
			sourceTree = "<group>";
		};
/* End PBXGroup section */

/* Begin PBXNativeTarget section */
		91E18B982903D70B00D553CA /* MoviesDemo */ = {
			isa = PBXNativeTarget;
			buildConfigurationList = 91E18BC32903D70E00D553CA /* Build configuration list for PBXNativeTarget "MoviesDemo" */;
			buildPhases = (
				A6669D653B7CD69E41DCD3B9 /* [CP] Check Pods Manifest.lock */,
				91E18B952903D70B00D553CA /* Sources */,
				91E18B962903D70B00D553CA /* Frameworks */,
				91E18B972903D70B00D553CA /* Resources */,
				98D199F64DDE45F07D07BEF9 /* [CP] Embed Pods Frameworks */,
			);
			buildRules = (
			);
			dependencies = (
			);
			name = MoviesDemo;
			productName = MoviesDemo;
			productReference = 91E18B992903D70B00D553CA /* MoviesDemo.app */;
			productType = "com.apple.product-type.application";
		};
		91E18BAE2903D70E00D553CA /* MoviesDemoTests */ = {
			isa = PBXNativeTarget;
			buildConfigurationList = 91E18BC62903D70E00D553CA /* Build configuration list for PBXNativeTarget "MoviesDemoTests" */;
			buildPhases = (
				529DFBC0FE676533C7EEEE37 /* [CP] Check Pods Manifest.lock */,
				91E18BAB2903D70E00D553CA /* Sources */,
				91E18BAC2903D70E00D553CA /* Frameworks */,
				91E18BAD2903D70E00D553CA /* Resources */,
			);
			buildRules = (
			);
			dependencies = (
				91E18BB12903D70E00D553CA /* PBXTargetDependency */,
			);
			name = MoviesDemoTests;
			productName = MoviesDemoTests;
			productReference = 91E18BAF2903D70E00D553CA /* MoviesDemoTests.xctest */;
			productType = "com.apple.product-type.bundle.unit-test";
		};
		91E18BB92903D70E00D553CA /* MoviesDemoUITests */ = {
			isa = PBXNativeTarget;
			buildConfigurationList = 91E18BC92903D70E00D553CA /* Build configuration list for PBXNativeTarget "MoviesDemoUITests" */;
			buildPhases = (
				97CEB88476DB448620EAA11A /* [CP] Check Pods Manifest.lock */,
				91E18BB62903D70E00D553CA /* Sources */,
				91E18BB72903D70E00D553CA /* Frameworks */,
				91E18BB82903D70E00D553CA /* Resources */,
				256622650D56CA0813C4C9A7 /* [CP] Embed Pods Frameworks */,
			);
			buildRules = (
			);
			dependencies = (
				91E18BBC2903D70E00D553CA /* PBXTargetDependency */,
			);
			name = MoviesDemoUITests;
			productName = MoviesDemoUITests;
			productReference = 91E18BBA2903D70E00D553CA /* MoviesDemoUITests.xctest */;
			productType = "com.apple.product-type.bundle.ui-testing";
		};
/* End PBXNativeTarget section */

/* Begin PBXProject section */
		91E18B912903D70B00D553CA /* Project object */ = {
			isa = PBXProject;
			attributes = {
				LastSwiftUpdateCheck = 1240;
				LastUpgradeCheck = 1240;
				TargetAttributes = {
					91E18B982903D70B00D553CA = {
						CreatedOnToolsVersion = 12.4;
					};
					91E18BAE2903D70E00D553CA = {
						CreatedOnToolsVersion = 12.4;
						TestTargetID = 91E18B982903D70B00D553CA;
					};
					91E18BB92903D70E00D553CA = {
						CreatedOnToolsVersion = 12.4;
						TestTargetID = 91E18B982903D70B00D553CA;
					};
				};
			};
			buildConfigurationList = 91E18B942903D70B00D553CA /* Build configuration list for PBXProject "MoviesDemo" */;
			compatibilityVersion = "Xcode 9.3";
			developmentRegion = en;
			hasScannedForEncodings = 0;
			knownRegions = (
				en,
				Base,
			);
			mainGroup = 91E18B902903D70B00D553CA;
			productRefGroup = 91E18B9A2903D70B00D553CA /* Products */;
			projectDirPath = "";
			projectRoot = "";
			targets = (
				91E18B982903D70B00D553CA /* MoviesDemo */,
				91E18BAE2903D70E00D553CA /* MoviesDemoTests */,
				91E18BB92903D70E00D553CA /* MoviesDemoUITests */,
			);
		};
/* End PBXProject section */

/* Begin PBXResourcesBuildPhase section */
		91E18B972903D70B00D553CA /* Resources */ = {
			isa = PBXResourcesBuildPhase;
			buildActionMask = 2147483647;
			files = (
				91E18BA92903D70E00D553CA /* LaunchScreen.storyboard in Resources */,
				91E18BA62903D70E00D553CA /* Assets.xcassets in Resources */,
				913F56FD2904062400AE9E36 /* HomeHeaderView.xib in Resources */,
				913F56F3290405C700AE9E36 /* FavouriteCollectionCell.xib in Resources */,
				91E18BA42903D70B00D553CA /* Main.storyboard in Resources */,
				913F56E9290405A800AE9E36 /* MovieTableCell.xib in Resources */,
				913F5704290406F300AE9E36 /* FavouriteTableCell.xib in Resources */,
			);
			runOnlyForDeploymentPostprocessing = 0;
		};
		91E18BAD2903D70E00D553CA /* Resources */ = {
			isa = PBXResourcesBuildPhase;
			buildActionMask = 2147483647;
			files = (
			);
			runOnlyForDeploymentPostprocessing = 0;
		};
		91E18BB82903D70E00D553CA /* Resources */ = {
			isa = PBXResourcesBuildPhase;
			buildActionMask = 2147483647;
			files = (
			);
			runOnlyForDeploymentPostprocessing = 0;
		};
/* End PBXResourcesBuildPhase section */

/* Begin PBXShellScriptBuildPhase section */
		256622650D56CA0813C4C9A7 /* [CP] Embed Pods Frameworks */ = {
			isa = PBXShellScriptBuildPhase;
			buildActionMask = 2147483647;
			files = (
			);
			inputFileListPaths = (
				"${PODS_ROOT}/Target Support Files/Pods-MoviesDemo-MoviesDemoUITests/Pods-MoviesDemo-MoviesDemoUITests-frameworks-${CONFIGURATION}-input-files.xcfilelist",
			);
			name = "[CP] Embed Pods Frameworks";
			outputFileListPaths = (
				"${PODS_ROOT}/Target Support Files/Pods-MoviesDemo-MoviesDemoUITests/Pods-MoviesDemo-MoviesDemoUITests-frameworks-${CONFIGURATION}-output-files.xcfilelist",
			);
			runOnlyForDeploymentPostprocessing = 0;
			shellPath = /bin/sh;
			shellScript = "\"${PODS_ROOT}/Target Support Files/Pods-MoviesDemo-MoviesDemoUITests/Pods-MoviesDemo-MoviesDemoUITests-frameworks.sh\"\n";
			showEnvVarsInLog = 0;
		};
		529DFBC0FE676533C7EEEE37 /* [CP] Check Pods Manifest.lock */ = {
			isa = PBXShellScriptBuildPhase;
			buildActionMask = 2147483647;
			files = (
			);
			inputFileListPaths = (
			);
			inputPaths = (
				"${PODS_PODFILE_DIR_PATH}/Podfile.lock",
				"${PODS_ROOT}/Manifest.lock",
			);
			name = "[CP] Check Pods Manifest.lock";
			outputFileListPaths = (
			);
			outputPaths = (
				"$(DERIVED_FILE_DIR)/Pods-MoviesDemoTests-checkManifestLockResult.txt",
			);
			runOnlyForDeploymentPostprocessing = 0;
			shellPath = /bin/sh;
			shellScript = "diff \"${PODS_PODFILE_DIR_PATH}/Podfile.lock\" \"${PODS_ROOT}/Manifest.lock\" > /dev/null\nif [ $? != 0 ] ; then\n    # print error to STDERR\n    echo \"error: The sandbox is not in sync with the Podfile.lock. Run 'pod install' or update your CocoaPods installation.\" >&2\n    exit 1\nfi\n# This output is used by Xcode 'outputs' to avoid re-running this script phase.\necho \"SUCCESS\" > \"${SCRIPT_OUTPUT_FILE_0}\"\n";
			showEnvVarsInLog = 0;
		};
		97CEB88476DB448620EAA11A /* [CP] Check Pods Manifest.lock */ = {
			isa = PBXShellScriptBuildPhase;
			buildActionMask = 2147483647;
			files = (
			);
			inputFileListPaths = (
			);
			inputPaths = (
				"${PODS_PODFILE_DIR_PATH}/Podfile.lock",
				"${PODS_ROOT}/Manifest.lock",
			);
			name = "[CP] Check Pods Manifest.lock";
			outputFileListPaths = (
			);
			outputPaths = (
				"$(DERIVED_FILE_DIR)/Pods-MoviesDemo-MoviesDemoUITests-checkManifestLockResult.txt",
			);
			runOnlyForDeploymentPostprocessing = 0;
			shellPath = /bin/sh;
			shellScript = "diff \"${PODS_PODFILE_DIR_PATH}/Podfile.lock\" \"${PODS_ROOT}/Manifest.lock\" > /dev/null\nif [ $? != 0 ] ; then\n    # print error to STDERR\n    echo \"error: The sandbox is not in sync with the Podfile.lock. Run 'pod install' or update your CocoaPods installation.\" >&2\n    exit 1\nfi\n# This output is used by Xcode 'outputs' to avoid re-running this script phase.\necho \"SUCCESS\" > \"${SCRIPT_OUTPUT_FILE_0}\"\n";
			showEnvVarsInLog = 0;
		};
		98D199F64DDE45F07D07BEF9 /* [CP] Embed Pods Frameworks */ = {
			isa = PBXShellScriptBuildPhase;
			buildActionMask = 2147483647;
			files = (
			);
			inputFileListPaths = (
				"${PODS_ROOT}/Target Support Files/Pods-MoviesDemo/Pods-MoviesDemo-frameworks-${CONFIGURATION}-input-files.xcfilelist",
			);
			name = "[CP] Embed Pods Frameworks";
			outputFileListPaths = (
				"${PODS_ROOT}/Target Support Files/Pods-MoviesDemo/Pods-MoviesDemo-frameworks-${CONFIGURATION}-output-files.xcfilelist",
			);
			runOnlyForDeploymentPostprocessing = 0;
			shellPath = /bin/sh;
			shellScript = "\"${PODS_ROOT}/Target Support Files/Pods-MoviesDemo/Pods-MoviesDemo-frameworks.sh\"\n";
			showEnvVarsInLog = 0;
		};
		A6669D653B7CD69E41DCD3B9 /* [CP] Check Pods Manifest.lock */ = {
			isa = PBXShellScriptBuildPhase;
			buildActionMask = 2147483647;
			files = (
			);
			inputFileListPaths = (
			);
			inputPaths = (
				"${PODS_PODFILE_DIR_PATH}/Podfile.lock",
				"${PODS_ROOT}/Manifest.lock",
			);
			name = "[CP] Check Pods Manifest.lock";
			outputFileListPaths = (
			);
			outputPaths = (
				"$(DERIVED_FILE_DIR)/Pods-MoviesDemo-checkManifestLockResult.txt",
			);
			runOnlyForDeploymentPostprocessing = 0;
			shellPath = /bin/sh;
			shellScript = "diff \"${PODS_PODFILE_DIR_PATH}/Podfile.lock\" \"${PODS_ROOT}/Manifest.lock\" > /dev/null\nif [ $? != 0 ] ; then\n    # print error to STDERR\n    echo \"error: The sandbox is not in sync with the Podfile.lock. Run 'pod install' or update your CocoaPods installation.\" >&2\n    exit 1\nfi\n# This output is used by Xcode 'outputs' to avoid re-running this script phase.\necho \"SUCCESS\" > \"${SCRIPT_OUTPUT_FILE_0}\"\n";
			showEnvVarsInLog = 0;
		};
/* End PBXShellScriptBuildPhase section */

/* Begin PBXSourcesBuildPhase section */
		91E18B952903D70B00D553CA /* Sources */ = {
			isa = PBXSourcesBuildPhase;
			buildActionMask = 2147483647;
			files = (
				913F5703290406F300AE9E36 /* FavouriteTableCell.swift in Sources */,
				914D51EB2909524100FAFCE4 /* FetchDataService.swift in Sources */,
				913F56E8290405A800AE9E36 /* MovieTableCell.swift in Sources */,
				914D51F92909536300FAFCE4 /* HomeViewModel.swift in Sources */,
				914D521B2909637100FAFCE4 /* MovieDetailViewController.swift in Sources */,
				914D522829096D2200FAFCE4 /* DataStorage.swift in Sources */,
				914E5726290C040400B0092C /* GradientView.swift in Sources */,
				91E18BA12903D70B00D553CA /* HomeViewController.swift in Sources */,
				914D52232909639500FAFCE4 /* MovieSearchViewController.swift in Sources */,
				91E18B9D2903D70B00D553CA /* AppDelegate.swift in Sources */,
				913F570C29040BB700AE9E36 /* HomeHeaderView.swift in Sources */,
				914E5733290C081800B0092C /* MovieCastCollectionCell.swift in Sources */,
				9154FA7F290D20E600EEA428 /* Notifications.swift in Sources */,
				91E18BD12903DA6E00D553CA /* UIViewExtensions.swift in Sources */,
				91E18B9F2903D70B00D553CA /* SceneDelegate.swift in Sources */,
				914D52052909581300FAFCE4 /* Movie.swift in Sources */,
				914E571E290C02E300B0092C /* GenresCollectionCell.swift in Sources */,
				913F56F2290405C700AE9E36 /* FavouriteCollectionCell.swift in Sources */,
			);
			runOnlyForDeploymentPostprocessing = 0;
		};
		91E18BAB2903D70E00D553CA /* Sources */ = {
			isa = PBXSourcesBuildPhase;
			buildActionMask = 2147483647;
			files = (
				91E18BB42903D70E00D553CA /* MoviesDemoTests.swift in Sources */,
			);
			runOnlyForDeploymentPostprocessing = 0;
		};
		91E18BB62903D70E00D553CA /* Sources */ = {
			isa = PBXSourcesBuildPhase;
			buildActionMask = 2147483647;
			files = (
				91E18BBF2903D70E00D553CA /* MoviesDemoUITests.swift in Sources */,
			);
			runOnlyForDeploymentPostprocessing = 0;
		};
/* End PBXSourcesBuildPhase section */

/* Begin PBXTargetDependency section */
		91E18BB12903D70E00D553CA /* PBXTargetDependency */ = {
			isa = PBXTargetDependency;
			target = 91E18B982903D70B00D553CA /* MoviesDemo */;
			targetProxy = 91E18BB02903D70E00D553CA /* PBXContainerItemProxy */;
		};
		91E18BBC2903D70E00D553CA /* PBXTargetDependency */ = {
			isa = PBXTargetDependency;
			target = 91E18B982903D70B00D553CA /* MoviesDemo */;
			targetProxy = 91E18BBB2903D70E00D553CA /* PBXContainerItemProxy */;
		};
/* End PBXTargetDependency section */

/* Begin PBXVariantGroup section */
		91E18BA22903D70B00D553CA /* Main.storyboard */ = {
			isa = PBXVariantGroup;
			children = (
				91E18BA32903D70B00D553CA /* Base */,
			);
			name = Main.storyboard;
			sourceTree = "<group>";
		};
		91E18BA72903D70E00D553CA /* LaunchScreen.storyboard */ = {
			isa = PBXVariantGroup;
			children = (
				91E18BA82903D70E00D553CA /* Base */,
			);
			name = LaunchScreen.storyboard;
			sourceTree = "<group>";
		};
/* End PBXVariantGroup section */

/* Begin XCBuildConfiguration section */
		91E18BC12903D70E00D553CA /* Debug */ = {
			isa = XCBuildConfiguration;
			buildSettings = {
				ALWAYS_SEARCH_USER_PATHS = NO;
				CLANG_ANALYZER_NONNULL = YES;
				CLANG_ANALYZER_NUMBER_OBJECT_CONVERSION = YES_AGGRESSIVE;
				CLANG_CXX_LANGUAGE_STANDARD = "gnu++14";
				CLANG_CXX_LIBRARY = "libc++";
				CLANG_ENABLE_MODULES = YES;
				CLANG_ENABLE_OBJC_ARC = YES;
				CLANG_ENABLE_OBJC_WEAK = YES;
				CLANG_WARN_BLOCK_CAPTURE_AUTORELEASING = YES;
				CLANG_WARN_BOOL_CONVERSION = YES;
				CLANG_WARN_COMMA = YES;
				CLANG_WARN_CONSTANT_CONVERSION = YES;
				CLANG_WARN_DEPRECATED_OBJC_IMPLEMENTATIONS = YES;
				CLANG_WARN_DIRECT_OBJC_ISA_USAGE = YES_ERROR;
				CLANG_WARN_DOCUMENTATION_COMMENTS = YES;
				CLANG_WARN_EMPTY_BODY = YES;
				CLANG_WARN_ENUM_CONVERSION = YES;
				CLANG_WARN_INFINITE_RECURSION = YES;
				CLANG_WARN_INT_CONVERSION = YES;
				CLANG_WARN_NON_LITERAL_NULL_CONVERSION = YES;
				CLANG_WARN_OBJC_IMPLICIT_RETAIN_SELF = YES;
				CLANG_WARN_OBJC_LITERAL_CONVERSION = YES;
				CLANG_WARN_OBJC_ROOT_CLASS = YES_ERROR;
				CLANG_WARN_QUOTED_INCLUDE_IN_FRAMEWORK_HEADER = YES;
				CLANG_WARN_RANGE_LOOP_ANALYSIS = YES;
				CLANG_WARN_STRICT_PROTOTYPES = YES;
				CLANG_WARN_SUSPICIOUS_MOVE = YES;
				CLANG_WARN_UNGUARDED_AVAILABILITY = YES_AGGRESSIVE;
				CLANG_WARN_UNREACHABLE_CODE = YES;
				CLANG_WARN__DUPLICATE_METHOD_MATCH = YES;
				COPY_PHASE_STRIP = NO;
				DEBUG_INFORMATION_FORMAT = dwarf;
				ENABLE_STRICT_OBJC_MSGSEND = YES;
				ENABLE_TESTABILITY = YES;
				GCC_C_LANGUAGE_STANDARD = gnu11;
				GCC_DYNAMIC_NO_PIC = NO;
				GCC_NO_COMMON_BLOCKS = YES;
				GCC_OPTIMIZATION_LEVEL = 0;
				GCC_PREPROCESSOR_DEFINITIONS = (
					"DEBUG=1",
					"$(inherited)",
				);
				GCC_WARN_64_TO_32_BIT_CONVERSION = YES;
				GCC_WARN_ABOUT_RETURN_TYPE = YES_ERROR;
				GCC_WARN_UNDECLARED_SELECTOR = YES;
				GCC_WARN_UNINITIALIZED_AUTOS = YES_AGGRESSIVE;
				GCC_WARN_UNUSED_FUNCTION = YES;
				GCC_WARN_UNUSED_VARIABLE = YES;
				IPHONEOS_DEPLOYMENT_TARGET = 14.4;
				MTL_ENABLE_DEBUG_INFO = INCLUDE_SOURCE;
				MTL_FAST_MATH = YES;
				ONLY_ACTIVE_ARCH = YES;
				SDKROOT = iphoneos;
				SWIFT_ACTIVE_COMPILATION_CONDITIONS = DEBUG;
				SWIFT_OPTIMIZATION_LEVEL = "-Onone";
			};
			name = Debug;
		};
		91E18BC22903D70E00D553CA /* Release */ = {
			isa = XCBuildConfiguration;
			buildSettings = {
				ALWAYS_SEARCH_USER_PATHS = NO;
				CLANG_ANALYZER_NONNULL = YES;
				CLANG_ANALYZER_NUMBER_OBJECT_CONVERSION = YES_AGGRESSIVE;
				CLANG_CXX_LANGUAGE_STANDARD = "gnu++14";
				CLANG_CXX_LIBRARY = "libc++";
				CLANG_ENABLE_MODULES = YES;
				CLANG_ENABLE_OBJC_ARC = YES;
				CLANG_ENABLE_OBJC_WEAK = YES;
				CLANG_WARN_BLOCK_CAPTURE_AUTORELEASING = YES;
				CLANG_WARN_BOOL_CONVERSION = YES;
				CLANG_WARN_COMMA = YES;
				CLANG_WARN_CONSTANT_CONVERSION = YES;
				CLANG_WARN_DEPRECATED_OBJC_IMPLEMENTATIONS = YES;
				CLANG_WARN_DIRECT_OBJC_ISA_USAGE = YES_ERROR;
				CLANG_WARN_DOCUMENTATION_COMMENTS = YES;
				CLANG_WARN_EMPTY_BODY = YES;
				CLANG_WARN_ENUM_CONVERSION = YES;
				CLANG_WARN_INFINITE_RECURSION = YES;
				CLANG_WARN_INT_CONVERSION = YES;
				CLANG_WARN_NON_LITERAL_NULL_CONVERSION = YES;
				CLANG_WARN_OBJC_IMPLICIT_RETAIN_SELF = YES;
				CLANG_WARN_OBJC_LITERAL_CONVERSION = YES;
				CLANG_WARN_OBJC_ROOT_CLASS = YES_ERROR;
				CLANG_WARN_QUOTED_INCLUDE_IN_FRAMEWORK_HEADER = YES;
				CLANG_WARN_RANGE_LOOP_ANALYSIS = YES;
				CLANG_WARN_STRICT_PROTOTYPES = YES;
				CLANG_WARN_SUSPICIOUS_MOVE = YES;
				CLANG_WARN_UNGUARDED_AVAILABILITY = YES_AGGRESSIVE;
				CLANG_WARN_UNREACHABLE_CODE = YES;
				CLANG_WARN__DUPLICATE_METHOD_MATCH = YES;
				COPY_PHASE_STRIP = NO;
				DEBUG_INFORMATION_FORMAT = "dwarf-with-dsym";
				ENABLE_NS_ASSERTIONS = NO;
				ENABLE_STRICT_OBJC_MSGSEND = YES;
				GCC_C_LANGUAGE_STANDARD = gnu11;
				GCC_NO_COMMON_BLOCKS = YES;
				GCC_WARN_64_TO_32_BIT_CONVERSION = YES;
				GCC_WARN_ABOUT_RETURN_TYPE = YES_ERROR;
				GCC_WARN_UNDECLARED_SELECTOR = YES;
				GCC_WARN_UNINITIALIZED_AUTOS = YES_AGGRESSIVE;
				GCC_WARN_UNUSED_FUNCTION = YES;
				GCC_WARN_UNUSED_VARIABLE = YES;
				IPHONEOS_DEPLOYMENT_TARGET = 14.4;
				MTL_ENABLE_DEBUG_INFO = NO;
				MTL_FAST_MATH = YES;
				SDKROOT = iphoneos;
				SWIFT_COMPILATION_MODE = wholemodule;
				SWIFT_OPTIMIZATION_LEVEL = "-O";
				VALIDATE_PRODUCT = YES;
			};
			name = Release;
		};
		91E18BC42903D70E00D553CA /* Debug */ = {
			isa = XCBuildConfiguration;
			baseConfigurationReference = BB822F7DCB81614ABB0CADE7 /* Pods-MoviesDemo.debug.xcconfig */;
			buildSettings = {
				ASSETCATALOG_COMPILER_APPICON_NAME = AppIcon;
				ASSETCATALOG_COMPILER_GLOBAL_ACCENT_COLOR_NAME = AccentColor;
				CODE_SIGN_STYLE = Automatic;
				INFOPLIST_FILE = MoviesDemo/Info.plist;
				LD_RUNPATH_SEARCH_PATHS = (
					"$(inherited)",
					"@executable_path/Frameworks",
				);
				PRODUCT_BUNDLE_IDENTIFIER = com.damandeep.MoviesDemo;
				PRODUCT_NAME = "$(TARGET_NAME)";
				SWIFT_VERSION = 5.0;
				TARGETED_DEVICE_FAMILY = "1,2";
			};
			name = Debug;
		};
		91E18BC52903D70E00D553CA /* Release */ = {
			isa = XCBuildConfiguration;
			baseConfigurationReference = 56B5499931166F18988B8CE1 /* Pods-MoviesDemo.release.xcconfig */;
			buildSettings = {
				ASSETCATALOG_COMPILER_APPICON_NAME = AppIcon;
				ASSETCATALOG_COMPILER_GLOBAL_ACCENT_COLOR_NAME = AccentColor;
				CODE_SIGN_STYLE = Automatic;
				INFOPLIST_FILE = MoviesDemo/Info.plist;
				LD_RUNPATH_SEARCH_PATHS = (
					"$(inherited)",
					"@executable_path/Frameworks",
				);
				PRODUCT_BUNDLE_IDENTIFIER = com.damandeep.MoviesDemo;
				PRODUCT_NAME = "$(TARGET_NAME)";
				SWIFT_VERSION = 5.0;
				TARGETED_DEVICE_FAMILY = "1,2";
			};
			name = Release;
		};
		91E18BC72903D70E00D553CA /* Debug */ = {
			isa = XCBuildConfiguration;
			baseConfigurationReference = DB482AA8B0624269C62FEF4F /* Pods-MoviesDemoTests.debug.xcconfig */;
			buildSettings = {
				ALWAYS_EMBED_SWIFT_STANDARD_LIBRARIES = YES;
				BUNDLE_LOADER = "$(TEST_HOST)";
				CODE_SIGN_STYLE = Automatic;
				INFOPLIST_FILE = MoviesDemoTests/Info.plist;
				IPHONEOS_DEPLOYMENT_TARGET = 14.4;
				LD_RUNPATH_SEARCH_PATHS = (
					"$(inherited)",
					"@executable_path/Frameworks",
					"@loader_path/Frameworks",
				);
				PRODUCT_BUNDLE_IDENTIFIER = com.damandeep.MoviesDemoTests;
				PRODUCT_NAME = "$(TARGET_NAME)";
				SWIFT_VERSION = 5.0;
				TARGETED_DEVICE_FAMILY = "1,2";
				TEST_HOST = "$(BUILT_PRODUCTS_DIR)/MoviesDemo.app/MoviesDemo";
			};
			name = Debug;
		};
		91E18BC82903D70E00D553CA /* Release */ = {
			isa = XCBuildConfiguration;
			baseConfigurationReference = A71675E4B36648067DCAEE3F /* Pods-MoviesDemoTests.release.xcconfig */;
			buildSettings = {
				ALWAYS_EMBED_SWIFT_STANDARD_LIBRARIES = YES;
				BUNDLE_LOADER = "$(TEST_HOST)";
				CODE_SIGN_STYLE = Automatic;
				INFOPLIST_FILE = MoviesDemoTests/Info.plist;
				IPHONEOS_DEPLOYMENT_TARGET = 14.4;
				LD_RUNPATH_SEARCH_PATHS = (
					"$(inherited)",
					"@executable_path/Frameworks",
					"@loader_path/Frameworks",
				);
				PRODUCT_BUNDLE_IDENTIFIER = com.damandeep.MoviesDemoTests;
				PRODUCT_NAME = "$(TARGET_NAME)";
				SWIFT_VERSION = 5.0;
				TARGETED_DEVICE_FAMILY = "1,2";
				TEST_HOST = "$(BUILT_PRODUCTS_DIR)/MoviesDemo.app/MoviesDemo";
			};
			name = Release;
		};
		91E18BCA2903D70E00D553CA /* Debug */ = {
			isa = XCBuildConfiguration;
			baseConfigurationReference = 0AE398CBC590234EA70B6640 /* Pods-MoviesDemo-MoviesDemoUITests.debug.xcconfig */;
			buildSettings = {
				ALWAYS_EMBED_SWIFT_STANDARD_LIBRARIES = YES;
				CODE_SIGN_STYLE = Automatic;
				INFOPLIST_FILE = MoviesDemoUITests/Info.plist;
				LD_RUNPATH_SEARCH_PATHS = (
					"$(inherited)",
					"@executable_path/Frameworks",
					"@loader_path/Frameworks",
				);
				PRODUCT_BUNDLE_IDENTIFIER = com.damandeep.MoviesDemoUITests;
				PRODUCT_NAME = "$(TARGET_NAME)";
				SWIFT_VERSION = 5.0;
				TARGETED_DEVICE_FAMILY = "1,2";
				TEST_TARGET_NAME = MoviesDemo;
			};
			name = Debug;
		};
		91E18BCB2903D70E00D553CA /* Release */ = {
			isa = XCBuildConfiguration;
			baseConfigurationReference = 92448FD997B00D076636EE42 /* Pods-MoviesDemo-MoviesDemoUITests.release.xcconfig */;
			buildSettings = {
				ALWAYS_EMBED_SWIFT_STANDARD_LIBRARIES = YES;
				CODE_SIGN_STYLE = Automatic;
				INFOPLIST_FILE = MoviesDemoUITests/Info.plist;
				LD_RUNPATH_SEARCH_PATHS = (
					"$(inherited)",
					"@executable_path/Frameworks",
					"@loader_path/Frameworks",
				);
				PRODUCT_BUNDLE_IDENTIFIER = com.damandeep.MoviesDemoUITests;
				PRODUCT_NAME = "$(TARGET_NAME)";
				SWIFT_VERSION = 5.0;
				TARGETED_DEVICE_FAMILY = "1,2";
				TEST_TARGET_NAME = MoviesDemo;
			};
			name = Release;
		};
/* End XCBuildConfiguration section */

/* Begin XCConfigurationList section */
		91E18B942903D70B00D553CA /* Build configuration list for PBXProject "MoviesDemo" */ = {
			isa = XCConfigurationList;
			buildConfigurations = (
				91E18BC12903D70E00D553CA /* Debug */,
				91E18BC22903D70E00D553CA /* Release */,
			);
			defaultConfigurationIsVisible = 0;
			defaultConfigurationName = Release;
		};
		91E18BC32903D70E00D553CA /* Build configuration list for PBXNativeTarget "MoviesDemo" */ = {
			isa = XCConfigurationList;
			buildConfigurations = (
				91E18BC42903D70E00D553CA /* Debug */,
				91E18BC52903D70E00D553CA /* Release */,
			);
			defaultConfigurationIsVisible = 0;
			defaultConfigurationName = Release;
		};
		91E18BC62903D70E00D553CA /* Build configuration list for PBXNativeTarget "MoviesDemoTests" */ = {
			isa = XCConfigurationList;
			buildConfigurations = (
				91E18BC72903D70E00D553CA /* Debug */,
				91E18BC82903D70E00D553CA /* Release */,
			);
			defaultConfigurationIsVisible = 0;
			defaultConfigurationName = Release;
		};
		91E18BC92903D70E00D553CA /* Build configuration list for PBXNativeTarget "MoviesDemoUITests" */ = {
			isa = XCConfigurationList;
			buildConfigurations = (
				91E18BCA2903D70E00D553CA /* Debug */,
				91E18BCB2903D70E00D553CA /* Release */,
			);
			defaultConfigurationIsVisible = 0;
			defaultConfigurationName = Release;
		};
/* End XCConfigurationList section */
	};
	rootObject = 91E18B912903D70B00D553CA /* Project object */;
}
